
Microsoft Visual Studio Solution File, Format Version 12.00
# Visual Studio Version 17
VisualStudioVersion = 17.1.32319.34
MinimumVisualStudioVersion = 10.0.40219.1
Project("{FAE04EC0-301F-11D3-BF4B-00C04F79EFBC}") = "Grandin.Web", "Grandin.Web.csproj", "{C4FF2A40-EDBB-4E78-A96B-51CA280CDA22}"
EndProject
Global
	GlobalSection(SolutionConfigurationPlatforms) = preSolution
		Debug|Any CPU = Debug|Any CPU
		Release|Any CPU = Release|Any CPU
	EndGlobalSection
	GlobalSection(ProjectConfigurationPlatforms) = postSolution
		{C4FF2A40-EDBB-4E78-A96B-51CA280CDA22}.Debug|Any CPU.ActiveCfg = Debug|Any CPU
		{C4FF2A40-EDBB-4E78-A96B-51CA280CDA22}.Debug|Any CPU.Build.0 = Debug|Any CPU
		{C4FF2A40-EDBB-4E78-A96B-51CA280CDA22}.Release|Any CPU.ActiveCfg = Release|Any CPU
		{C4FF2A40-EDBB-4E78-A96B-51CA280CDA22}.Release|Any CPU.Build.0 = Release|Any CPU
	EndGlobalSection
	GlobalSection(SolutionProperties) = preSolution
		HideSolutionNode = FALSE
	EndGlobalSection
	GlobalSection(ExtensibilityGlobals) = postSolution
		SolutionGuid = {8402DD5D-8AD2-4CC4-B29A-4FAE2FB98411}
	EndGlobalSection
EndGlobal
